
Microsoft Visual Studio Solution File, Format Version 12.00
# Visual Studio Version 16
VisualStudioVersion = 16.0.28803.352
MinimumVisualStudioVersion = 10.0.40219.1
Project("{FAE04EC0-301F-11D3-BF4B-00C04F79EFBC}") = "LtGt", "LtGt\LtGt.csproj", "{DFB0BD27-70FA-4A25-A8AA-AB0F5B766B93}"
EndProject
Project("{FAE04EC0-301F-11D3-BF4B-00C04F79EFBC}") = "LtGt.Tests", "LtGt.Tests\LtGt.Tests.csproj", "{040BCB27-0ACE-4C17-A35C-D22F2D6A1D74}"
EndProject
Global
	GlobalSection(SolutionConfigurationPlatforms) = preSolution
		Debug|Any CPU = Debug|Any CPU
		Release|Any CPU = Release|Any CPU
	EndGlobalSection
	GlobalSection(ProjectConfigurationPlatforms) = postSolution
		{DFB0BD27-70FA-4A25-A8AA-AB0F5B766B93}.Debug|Any CPU.ActiveCfg = Debug|Any CPU
		{DFB0BD27-70FA-4A25-A8AA-AB0F5B766B93}.Debug|Any CPU.Build.0 = Debug|Any CPU
		{DFB0BD27-70FA-4A25-A8AA-AB0F5B766B93}.Release|Any CPU.ActiveCfg = Release|Any CPU
		{DFB0BD27-70FA-4A25-A8AA-AB0F5B766B93}.Release|Any CPU.Build.0 = Release|Any CPU
		{040BCB27-0ACE-4C17-A35C-D22F2D6A1D74}.Debug|Any CPU.ActiveCfg = Debug|Any CPU
		{040BCB27-0ACE-4C17-A35C-D22F2D6A1D74}.Debug|Any CPU.Build.0 = Debug|Any CPU
		{040BCB27-0ACE-4C17-A35C-D22F2D6A1D74}.Release|Any CPU.ActiveCfg = Release|Any CPU
		{040BCB27-0ACE-4C17-A35C-D22F2D6A1D74}.Release|Any CPU.Build.0 = Release|Any CPU
	EndGlobalSection
	GlobalSection(SolutionProperties) = preSolution
		HideSolutionNode = FALSE
	EndGlobalSection
	GlobalSection(ExtensibilityGlobals) = postSolution
		SolutionGuid = {BCA9F9A0-4457-42E0-AE0C-0042BF2CFD5E}
	EndGlobalSection
EndGlobal
