
Microsoft Visual Studio Solution File, Format Version 12.00
# Visual Studio Version 16
VisualStudioVersion = 16.0.28803.352
MinimumVisualStudioVersion = 10.0.40219.1
Project("{6EC3EE1D-3C4E-46DD-8F32-0CC8E7565705}") = "LtGt", "LtGt\LtGt.fsproj", "{18ECEA29-D244-4EBD-8D2C-D3E7394E2E70}"
EndProject
Project("{9A19103F-16F7-4668-BE54-9A1E7A4F7556}") = "LtGt.Tests", "LtGt.Tests\LtGt.Tests.csproj", "{040BCB27-0ACE-4C17-A35C-D22F2D6A1D74}"
EndProject
Project("{2150E333-8FDC-42A3-9474-1A3956D46DE8}") = "Solution Items", "Solution Items", "{A19572C2-EDF7-44F9-9779-AB62442BF543}"
	ProjectSection(SolutionItems) = preProject
		Changelog.md = Changelog.md
		License.txt = License.txt
		Readme.md = Readme.md
	EndProjectSection
EndProject
Project("{6EC3EE1D-3C4E-46DD-8F32-0CC8E7565705}") = "LtGt.Benchmarks", "LtGt.Benchmarks\LtGt.Benchmarks.fsproj", "{AFF35A44-5C94-4F37-B58C-D11D04801A37}"
EndProject
Project("{9A19103F-16F7-4668-BE54-9A1E7A4F7556}") = "LtGt.DemoWpf", "LtGt.DemoWpf\LtGt.DemoWpf.csproj", "{574F4D01-6EDE-4D0D-8B0F-2CA3F20F9799}"
EndProject
Global
	GlobalSection(SolutionConfigurationPlatforms) = preSolution
		Debug|Any CPU = Debug|Any CPU
		Release|Any CPU = Release|Any CPU
	EndGlobalSection
	GlobalSection(ProjectConfigurationPlatforms) = postSolution
		{DFB0BD27-70FA-4A25-A8AA-AB0F5B766B93}.Debug|Any CPU.ActiveCfg = Debug|Any CPU
		{DFB0BD27-70FA-4A25-A8AA-AB0F5B766B93}.Debug|Any CPU.Build.0 = Debug|Any CPU
		{DFB0BD27-70FA-4A25-A8AA-AB0F5B766B93}.Release|Any CPU.ActiveCfg = Release|Any CPU
		{DFB0BD27-70FA-4A25-A8AA-AB0F5B766B93}.Release|Any CPU.Build.0 = Release|Any CPU
		{040BCB27-0ACE-4C17-A35C-D22F2D6A1D74}.Debug|Any CPU.ActiveCfg = Debug|Any CPU
		{040BCB27-0ACE-4C17-A35C-D22F2D6A1D74}.Debug|Any CPU.Build.0 = Debug|Any CPU
		{040BCB27-0ACE-4C17-A35C-D22F2D6A1D74}.Release|Any CPU.ActiveCfg = Release|Any CPU
		{040BCB27-0ACE-4C17-A35C-D22F2D6A1D74}.Release|Any CPU.Build.0 = Release|Any CPU
		{AFF35A44-5C94-4F37-B58C-D11D04801A37}.Debug|Any CPU.ActiveCfg = Debug|Any CPU
		{AFF35A44-5C94-4F37-B58C-D11D04801A37}.Debug|Any CPU.Build.0 = Debug|Any CPU
		{AFF35A44-5C94-4F37-B58C-D11D04801A37}.Release|Any CPU.ActiveCfg = Release|Any CPU
		{AFF35A44-5C94-4F37-B58C-D11D04801A37}.Release|Any CPU.Build.0 = Release|Any CPU
		{574F4D01-6EDE-4D0D-8B0F-2CA3F20F9799}.Debug|Any CPU.ActiveCfg = Debug|Any CPU
		{574F4D01-6EDE-4D0D-8B0F-2CA3F20F9799}.Debug|Any CPU.Build.0 = Debug|Any CPU
		{574F4D01-6EDE-4D0D-8B0F-2CA3F20F9799}.Release|Any CPU.ActiveCfg = Release|Any CPU
		{574F4D01-6EDE-4D0D-8B0F-2CA3F20F9799}.Release|Any CPU.Build.0 = Release|Any CPU
		{18ECEA29-D244-4EBD-8D2C-D3E7394E2E70}.Debug|Any CPU.ActiveCfg = Debug|Any CPU
		{18ECEA29-D244-4EBD-8D2C-D3E7394E2E70}.Debug|Any CPU.Build.0 = Debug|Any CPU
		{18ECEA29-D244-4EBD-8D2C-D3E7394E2E70}.Release|Any CPU.ActiveCfg = Release|Any CPU
		{18ECEA29-D244-4EBD-8D2C-D3E7394E2E70}.Release|Any CPU.Build.0 = Release|Any CPU
	EndGlobalSection
	GlobalSection(SolutionProperties) = preSolution
		HideSolutionNode = FALSE
	EndGlobalSection
	GlobalSection(ExtensibilityGlobals) = postSolution
		SolutionGuid = {BCA9F9A0-4457-42E0-AE0C-0042BF2CFD5E}
	EndGlobalSection
EndGlobal
